
Microsoft Visual Studio Solution File, Format Version 12.00
# Visual Studio Version 16
VisualStudioVersion = 16.0.31112.23
MinimumVisualStudioVersion = 10.0.40219.1
Project("{FAE04EC0-301F-11D3-BF4B-00C04F79EFBC}") = "AlbionKillboard", "AlbionKillboard.csproj", "{4FA5379C-ACBD-4CC0-B646-EF227C66D1DA}"
EndProject
Global
	GlobalSection(SolutionConfigurationPlatforms) = preSolution
		Debug|Any CPU = Debug|Any CPU
		Release|Any CPU = Release|Any CPU
	EndGlobalSection
	GlobalSection(ProjectConfigurationPlatforms) = postSolution
		{4FA5379C-ACBD-4CC0-B646-EF227C66D1DA}.Debug|Any CPU.ActiveCfg = Debug|Any CPU
		{4FA5379C-ACBD-4CC0-B646-EF227C66D1DA}.Debug|Any CPU.Build.0 = Debug|Any CPU
		{4FA5379C-ACBD-4CC0-B646-EF227C66D1DA}.Release|Any CPU.ActiveCfg = Release|Any CPU
		{4FA5379C-ACBD-4CC0-B646-EF227C66D1DA}.Release|Any CPU.Build.0 = Release|Any CPU
	EndGlobalSection
	GlobalSection(SolutionProperties) = preSolution
		HideSolutionNode = FALSE
	EndGlobalSection
	GlobalSection(ExtensibilityGlobals) = postSolution
		SolutionGuid = {0A7CF307-F84B-43AF-9053-39B0DF707CF3}
	EndGlobalSection
EndGlobal
